// !$*UTF8*$!
{
	archiveVersion = 1;
	classes = {
	};
	objectVersion = 56;
	objects = {

/* Begin PBXBuildFile section */
		05660C4C2C62F01200A44355 /* DoakAndClaggerApp.swift in Sources */ = {isa = PBXBuildFile; fileRef = 05660C4B2C62F01200A44355 /* DoakAndClaggerApp.swift */; };
		05660C4E2C62F01200A44355 /* ContentView.swift in Sources */ = {isa = PBXBuildFile; fileRef = 05660C4D2C62F01200A44355 /* ContentView.swift */; };
		05660C502C62F01300A44355 /* Assets.xcassets in Resources */ = {isa = PBXBuildFile; fileRef = 05660C4F2C62F01300A44355 /* Assets.xcassets */; };
		05660C532C62F01300A44355 /* Preview Assets.xcassets in Resources */ = {isa = PBXBuildFile; fileRef = 05660C522C62F01300A44355 /* Preview Assets.xcassets */; };
		05660C5D2C62F01300A44355 /* DoakAndClaggerTests.swift in Sources */ = {isa = PBXBuildFile; fileRef = 05660C5C2C62F01300A44355 /* DoakAndClaggerTests.swift */; };
		05660C672C62F01300A44355 /* DoakAndClaggerUITests.swift in Sources */ = {isa = PBXBuildFile; fileRef = 05660C662C62F01300A44355 /* DoakAndClaggerUITests.swift */; };
		05660C692C62F01300A44355 /* DoakAndClaggerUITestsLaunchTests.swift in Sources */ = {isa = PBXBuildFile; fileRef = 05660C682C62F01300A44355 /* DoakAndClaggerUITestsLaunchTests.swift */; };
/* End PBXBuildFile section */

/* Begin PBXContainerItemProxy section */
		05660C592C62F01300A44355 /* PBXContainerItemProxy */ = {
			isa = PBXContainerItemProxy;
			containerPortal = 05660C402C62F01200A44355 /* Project object */;
			proxyType = 1;
			remoteGlobalIDString = 05660C472C62F01200A44355;
			remoteInfo = DoakAndClagger;
		};
		05660C632C62F01300A44355 /* PBXContainerItemProxy */ = {
			isa = PBXContainerItemProxy;
			containerPortal = 05660C402C62F01200A44355 /* Project object */;
			proxyType = 1;
			remoteGlobalIDString = 05660C472C62F01200A44355;
			remoteInfo = DoakAndClagger;
		};
/* End PBXContainerItemProxy section */

/* Begin PBXFileReference section */
		05660C482C62F01200A44355 /* DoakAndClagger.app */ = {isa = PBXFileReference; explicitFileType = wrapper.application; includeInIndex = 0; path = DoakAndClagger.app; sourceTree = BUILT_PRODUCTS_DIR; };
		05660C4B2C62F01200A44355 /* DoakAndClaggerApp.swift */ = {isa = PBXFileReference; lastKnownFileType = sourcecode.swift; path = DoakAndClaggerApp.swift; sourceTree = "<group>"; };
		05660C4D2C62F01200A44355 /* ContentView.swift */ = {isa = PBXFileReference; lastKnownFileType = sourcecode.swift; path = ContentView.swift; sourceTree = "<group>"; };
		05660C4F2C62F01300A44355 /* Assets.xcassets */ = {isa = PBXFileReference; lastKnownFileType = folder.assetcatalog; path = Assets.xcassets; sourceTree = "<group>"; };
		05660C522C62F01300A44355 /* Preview Assets.xcassets */ = {isa = PBXFileReference; lastKnownFileType = folder.assetcatalog; path = "Preview Assets.xcassets"; sourceTree = "<group>"; };
		05660C582C62F01300A44355 /* DoakAndClaggerTests.xctest */ = {isa = PBXFileReference; explicitFileType = wrapper.cfbundle; includeInIndex = 0; path = DoakAndClaggerTests.xctest; sourceTree = BUILT_PRODUCTS_DIR; };
		05660C5C2C62F01300A44355 /* DoakAndClaggerTests.swift */ = {isa = PBXFileReference; lastKnownFileType = sourcecode.swift; path = DoakAndClaggerTests.swift; sourceTree = "<group>"; };
		05660C622C62F01300A44355 /* DoakAndClaggerUITests.xctest */ = {isa = PBXFileReference; explicitFileType = wrapper.cfbundle; includeInIndex = 0; path = DoakAndClaggerUITests.xctest; sourceTree = BUILT_PRODUCTS_DIR; };
		05660C662C62F01300A44355 /* DoakAndClaggerUITests.swift */ = {isa = PBXFileReference; lastKnownFileType = sourcecode.swift; path = DoakAndClaggerUITests.swift; sourceTree = "<group>"; };
		05660C682C62F01300A44355 /* DoakAndClaggerUITestsLaunchTests.swift */ = {isa = PBXFileReference; lastKnownFileType = sourcecode.swift; path = DoakAndClaggerUITestsLaunchTests.swift; sourceTree = "<group>"; };
/* End PBXFileReference section */

/* Begin PBXFrameworksBuildPhase section */
		05660C452C62F01200A44355 /* Frameworks */ = {
			isa = PBXFrameworksBuildPhase;
			buildActionMask = 2147483647;
			files = (
			);
			runOnlyForDeploymentPostprocessing = 0;
		};
		05660C552C62F01300A44355 /* Frameworks */ = {
			isa = PBXFrameworksBuildPhase;
			buildActionMask = 2147483647;
			files = (
			);
			runOnlyForDeploymentPostprocessing = 0;
		};
		05660C5F2C62F01300A44355 /* Frameworks */ = {
			isa = PBXFrameworksBuildPhase;
			buildActionMask = 2147483647;
			files = (
			);
			runOnlyForDeploymentPostprocessing = 0;
		};
/* End PBXFrameworksBuildPhase section */

/* Begin PBXGroup section */
		05660C3F2C62F01200A44355 = {
			isa = PBXGroup;
			children = (
				05660C4A2C62F01200A44355 /* DoakAndClagger */,
				05660C5B2C62F01300A44355 /* DoakAndClaggerTests */,
				05660C652C62F01300A44355 /* DoakAndClaggerUITests */,
				05660C492C62F01200A44355 /* Products */,
			);
			sourceTree = "<group>";
		};
		05660C492C62F01200A44355 /* Products */ = {
			isa = PBXGroup;
			children = (
				05660C482C62F01200A44355 /* DoakAndClagger.app */,
				05660C582C62F01300A44355 /* DoakAndClaggerTests.xctest */,
				05660C622C62F01300A44355 /* DoakAndClaggerUITests.xctest */,
			);
			name = Products;
			sourceTree = "<group>";
		};
		05660C4A2C62F01200A44355 /* DoakAndClagger */ = {
			isa = PBXGroup;
			children = (
				05660C4B2C62F01200A44355 /* DoakAndClaggerApp.swift */,
				05660C4D2C62F01200A44355 /* ContentView.swift */,
				05660C4F2C62F01300A44355 /* Assets.xcassets */,
				05660C512C62F01300A44355 /* Preview Content */,
			);
			path = DoakAndClagger;
			sourceTree = "<group>";
		};
		05660C512C62F01300A44355 /* Preview Content */ = {
			isa = PBXGroup;
			children = (
				05660C522C62F01300A44355 /* Preview Assets.xcassets */,
			);
			path = "Preview Content";
			sourceTree = "<group>";
		};
		05660C5B2C62F01300A44355 /* DoakAndClaggerTests */ = {
			isa = PBXGroup;
			children = (
				05660C5C2C62F01300A44355 /* DoakAndClaggerTests.swift */,
			);
			path = DoakAndClaggerTests;
			sourceTree = "<group>";
		};
		05660C652C62F01300A44355 /* DoakAndClaggerUITests */ = {
			isa = PBXGroup;
			children = (
				05660C662C62F01300A44355 /* DoakAndClaggerUITests.swift */,
				05660C682C62F01300A44355 /* DoakAndClaggerUITestsLaunchTests.swift */,
			);
			path = DoakAndClaggerUITests;
			sourceTree = "<group>";
		};
/* End PBXGroup section */

/* Begin PBXNativeTarget section */
		05660C472C62F01200A44355 /* DoakAndClagger */ = {
			isa = PBXNativeTarget;
			buildConfigurationList = 05660C6C2C62F01300A44355 /* Build configuration list for PBXNativeTarget "DoakAndClagger" */;
			buildPhases = (
				05660C442C62F01200A44355 /* Sources */,
				05660C452C62F01200A44355 /* Frameworks */,
				05660C462C62F01200A44355 /* Resources */,
			);
			buildRules = (
			);
			dependencies = (
			);
			name = DoakAndClagger;
			productName = DoakAndClagger;
			productReference = 05660C482C62F01200A44355 /* DoakAndClagger.app */;
			productType = "com.apple.product-type.application";
		};
		05660C572C62F01300A44355 /* DoakAndClaggerTests */ = {
			isa = PBXNativeTarget;
			buildConfigurationList = 05660C6F2C62F01300A44355 /* Build configuration list for PBXNativeTarget "DoakAndClaggerTests" */;
			buildPhases = (
				05660C542C62F01300A44355 /* Sources */,
				05660C552C62F01300A44355 /* Frameworks */,
				05660C562C62F01300A44355 /* Resources */,
			);
			buildRules = (
			);
			dependencies = (
				05660C5A2C62F01300A44355 /* PBXTargetDependency */,
			);
			name = DoakAndClaggerTests;
			productName = DoakAndClaggerTests;
			productReference = 05660C582C62F01300A44355 /* DoakAndClaggerTests.xctest */;
			productType = "com.apple.product-type.bundle.unit-test";
		};
		05660C612C62F01300A44355 /* DoakAndClaggerUITests */ = {
			isa = PBXNativeTarget;
			buildConfigurationList = 05660C722C62F01300A44355 /* Build configuration list for PBXNativeTarget "DoakAndClaggerUITests" */;
			buildPhases = (
				05660C5E2C62F01300A44355 /* Sources */,
				05660C5F2C62F01300A44355 /* Frameworks */,
				05660C602C62F01300A44355 /* Resources */,
			);
			buildRules = (
			);
			dependencies = (
				05660C642C62F01300A44355 /* PBXTargetDependency */,
			);
			name = DoakAndClaggerUITests;
			productName = DoakAndClaggerUITests;
			productReference = 05660C622C62F01300A44355 /* DoakAndClaggerUITests.xctest */;
			productType = "com.apple.product-type.bundle.ui-testing";
		};
/* End PBXNativeTarget section */

/* Begin PBXProject section */
		05660C402C62F01200A44355 /* Project object */ = {
			isa = PBXProject;
			attributes = {
				BuildIndependentTargetsInParallel = 1;
				LastSwiftUpdateCheck = 1540;
				LastUpgradeCheck = 1540;
				TargetAttributes = {
					05660C472C62F01200A44355 = {
						CreatedOnToolsVersion = 15.4;
					};
					05660C572C62F01300A44355 = {
						CreatedOnToolsVersion = 15.4;
						TestTargetID = 05660C472C62F01200A44355;
					};
					05660C612C62F01300A44355 = {
						CreatedOnToolsVersion = 15.4;
						TestTargetID = 05660C472C62F01200A44355;
					};
				};
			};
			buildConfigurationList = 05660C432C62F01200A44355 /* Build configuration list for PBXProject "DoakAndClagger" */;
			compatibilityVersion = "Xcode 14.0";
			developmentRegion = en;
			hasScannedForEncodings = 0;
			knownRegions = (
				en,
				Base,
			);
			mainGroup = 05660C3F2C62F01200A44355;
			productRefGroup = 05660C492C62F01200A44355 /* Products */;
			projectDirPath = "";
			projectRoot = "";
			targets = (
				05660C472C62F01200A44355 /* DoakAndClagger */,
				05660C572C62F01300A44355 /* DoakAndClaggerTests */,
				05660C612C62F01300A44355 /* DoakAndClaggerUITests */,
			);
		};
/* End PBXProject section */

/* Begin PBXResourcesBuildPhase section */
		05660C462C62F01200A44355 /* Resources */ = {
			isa = PBXResourcesBuildPhase;
			buildActionMask = 2147483647;
			files = (
				05660C532C62F01300A44355 /* Preview Assets.xcassets in Resources */,
				05660C502C62F01300A44355 /* Assets.xcassets in Resources */,
			);
			runOnlyForDeploymentPostprocessing = 0;
		};
		05660C562C62F01300A44355 /* Resources */ = {
			isa = PBXResourcesBuildPhase;
			buildActionMask = 2147483647;
			files = (
			);
			runOnlyForDeploymentPostprocessing = 0;
		};
		05660C602C62F01300A44355 /* Resources */ = {
			isa = PBXResourcesBuildPhase;
			buildActionMask = 2147483647;
			files = (
			);
			runOnlyForDeploymentPostprocessing = 0;
		};
/* End PBXResourcesBuildPhase section */

/* Begin PBXSourcesBuildPhase section */
		05660C442C62F01200A44355 /* Sources */ = {
			isa = PBXSourcesBuildPhase;
			buildActionMask = 2147483647;
			files = (
				05660C4E2C62F01200A44355 /* ContentView.swift in Sources */,
				05660C4C2C62F01200A44355 /* DoakAndClaggerApp.swift in Sources */,
			);
			runOnlyForDeploymentPostprocessing = 0;
		};
		05660C542C62F01300A44355 /* Sources */ = {
			isa = PBXSourcesBuildPhase;
			buildActionMask = 2147483647;
			files = (
				05660C5D2C62F01300A44355 /* DoakAndClaggerTests.swift in Sources */,
			);
			runOnlyForDeploymentPostprocessing = 0;
		};
		05660C5E2C62F01300A44355 /* Sources */ = {
			isa = PBXSourcesBuildPhase;
			buildActionMask = 2147483647;
			files = (
				05660C672C62F01300A44355 /* DoakAndClaggerUITests.swift in Sources */,
				05660C692C62F01300A44355 /* DoakAndClaggerUITestsLaunchTests.swift in Sources */,
			);
			runOnlyForDeploymentPostprocessing = 0;
		};
/* End PBXSourcesBuildPhase section */

/* Begin PBXTargetDependency section */
		05660C5A2C62F01300A44355 /* PBXTargetDependency */ = {
			isa = PBXTargetDependency;
			target = 05660C472C62F01200A44355 /* DoakAndClagger */;
			targetProxy = 05660C592C62F01300A44355 /* PBXContainerItemProxy */;
		};
		05660C642C62F01300A44355 /* PBXTargetDependency */ = {
			isa = PBXTargetDependency;
			target = 05660C472C62F01200A44355 /* DoakAndClagger */;
			targetProxy = 05660C632C62F01300A44355 /* PBXContainerItemProxy */;
		};
/* End PBXTargetDependency section */

/* Begin XCBuildConfiguration section */
		05660C6A2C62F01300A44355 /* Debug */ = {
			isa = XCBuildConfiguration;
			buildSettings = {
				ALWAYS_SEARCH_USER_PATHS = NO;
				ASSETCATALOG_COMPILER_GENERATE_SWIFT_ASSET_SYMBOL_EXTENSIONS = YES;
				CLANG_ANALYZER_NONNULL = YES;
				CLANG_ANALYZER_NUMBER_OBJECT_CONVERSION = YES_AGGRESSIVE;
				CLANG_CXX_LANGUAGE_STANDARD = "gnu++20";
				CLANG_ENABLE_MODULES = YES;
				CLANG_ENABLE_OBJC_ARC = YES;
				CLANG_ENABLE_OBJC_WEAK = YES;
				CLANG_WARN_BLOCK_CAPTURE_AUTORELEASING = YES;
				CLANG_WARN_BOOL_CONVERSION = YES;
				CLANG_WARN_COMMA = YES;
				CLANG_WARN_CONSTANT_CONVERSION = YES;
				CLANG_WARN_DEPRECATED_OBJC_IMPLEMENTATIONS = YES;
				CLANG_WARN_DIRECT_OBJC_ISA_USAGE = YES_ERROR;
				CLANG_WARN_DOCUMENTATION_COMMENTS = YES;
				CLANG_WARN_EMPTY_BODY = YES;
				CLANG_WARN_ENUM_CONVERSION = YES;
				CLANG_WARN_INFINITE_RECURSION = YES;
				CLANG_WARN_INT_CONVERSION = YES;
				CLANG_WARN_NON_LITERAL_NULL_CONVERSION = YES;
				CLANG_WARN_OBJC_IMPLICIT_RETAIN_SELF = YES;
				CLANG_WARN_OBJC_LITERAL_CONVERSION = YES;
				CLANG_WARN_OBJC_ROOT_CLASS = YES_ERROR;
				CLANG_WARN_QUOTED_INCLUDE_IN_FRAMEWORK_HEADER = YES;
				CLANG_WARN_RANGE_LOOP_ANALYSIS = YES;
				CLANG_WARN_STRICT_PROTOTYPES = YES;
				CLANG_WARN_SUSPICIOUS_MOVE = YES;
				CLANG_WARN_UNGUARDED_AVAILABILITY = YES_AGGRESSIVE;
				CLANG_WARN_UNREACHABLE_CODE = YES;
				CLANG_WARN__DUPLICATE_METHOD_MATCH = YES;
				COPY_PHASE_STRIP = NO;
				DEBUG_INFORMATION_FORMAT = dwarf;
				ENABLE_STRICT_OBJC_MSGSEND = YES;
				ENABLE_TESTABILITY = YES;
				ENABLE_USER_SCRIPT_SANDBOXING = YES;
				GCC_C_LANGUAGE_STANDARD = gnu17;
				GCC_DYNAMIC_NO_PIC = NO;
				GCC_NO_COMMON_BLOCKS = YES;
				GCC_OPTIMIZATION_LEVEL = 0;
				GCC_PREPROCESSOR_DEFINITIONS = (
					"DEBUG=1",
					"$(inherited)",
				);
				GCC_WARN_64_TO_32_BIT_CONVERSION = YES;
				GCC_WARN_ABOUT_RETURN_TYPE = YES_ERROR;
				GCC_WARN_UNDECLARED_SELECTOR = YES;
				GCC_WARN_UNINITIALIZED_AUTOS = YES_AGGRESSIVE;
				GCC_WARN_UNUSED_FUNCTION = YES;
				GCC_WARN_UNUSED_VARIABLE = YES;
				IPHONEOS_DEPLOYMENT_TARGET = 17.5;
				LOCALIZATION_PREFERS_STRING_CATALOGS = YES;
				MTL_ENABLE_DEBUG_INFO = INCLUDE_SOURCE;
				MTL_FAST_MATH = YES;
				ONLY_ACTIVE_ARCH = YES;
				SDKROOT = iphoneos;
				SWIFT_ACTIVE_COMPILATION_CONDITIONS = "DEBUG $(inherited)";
				SWIFT_OPTIMIZATION_LEVEL = "-Onone";
			};
			name = Debug;
		};
		05660C6B2C62F01300A44355 /* Release */ = {
			isa = XCBuildConfiguration;
			buildSettings = {
				ALWAYS_SEARCH_USER_PATHS = NO;
				ASSETCATALOG_COMPILER_GENERATE_SWIFT_ASSET_SYMBOL_EXTENSIONS = YES;
				CLANG_ANALYZER_NONNULL = YES;
				CLANG_ANALYZER_NUMBER_OBJECT_CONVERSION = YES_AGGRESSIVE;
				CLANG_CXX_LANGUAGE_STANDARD = "gnu++20";
				CLANG_ENABLE_MODULES = YES;
				CLANG_ENABLE_OBJC_ARC = YES;
				CLANG_ENABLE_OBJC_WEAK = YES;
				CLANG_WARN_BLOCK_CAPTURE_AUTORELEASING = YES;
				CLANG_WARN_BOOL_CONVERSION = YES;
				CLANG_WARN_COMMA = YES;
				CLANG_WARN_CONSTANT_CONVERSION = YES;
				CLANG_WARN_DEPRECATED_OBJC_IMPLEMENTATIONS = YES;
				CLANG_WARN_DIRECT_OBJC_ISA_USAGE = YES_ERROR;
				CLANG_WARN_DOCUMENTATION_COMMENTS = YES;
				CLANG_WARN_EMPTY_BODY = YES;
				CLANG_WARN_ENUM_CONVERSION = YES;
				CLANG_WARN_INFINITE_RECURSION = YES;
				CLANG_WARN_INT_CONVERSION = YES;
				CLANG_WARN_NON_LITERAL_NULL_CONVERSION = YES;
				CLANG_WARN_OBJC_IMPLICIT_RETAIN_SELF = YES;
				CLANG_WARN_OBJC_LITERAL_CONVERSION = YES;
				CLANG_WARN_OBJC_ROOT_CLASS = YES_ERROR;
				CLANG_WARN_QUOTED_INCLUDE_IN_FRAMEWORK_HEADER = YES;
				CLANG_WARN_RANGE_LOOP_ANALYSIS = YES;
				CLANG_WARN_STRICT_PROTOTYPES = YES;
				CLANG_WARN_SUSPICIOUS_MOVE = YES;
				CLANG_WARN_UNGUARDED_AVAILABILITY = YES_AGGRESSIVE;
				CLANG_WARN_UNREACHABLE_CODE = YES;
				CLANG_WARN__DUPLICATE_METHOD_MATCH = YES;
				COPY_PHASE_STRIP = NO;
				DEBUG_INFORMATION_FORMAT = "dwarf-with-dsym";
				ENABLE_NS_ASSERTIONS = NO;
				ENABLE_STRICT_OBJC_MSGSEND = YES;
				ENABLE_USER_SCRIPT_SANDBOXING = YES;
				GCC_C_LANGUAGE_STANDARD = gnu17;
				GCC_NO_COMMON_BLOCKS = YES;
				GCC_WARN_64_TO_32_BIT_CONVERSION = YES;
				GCC_WARN_ABOUT_RETURN_TYPE = YES_ERROR;
				GCC_WARN_UNDECLARED_SELECTOR = YES;
				GCC_WARN_UNINITIALIZED_AUTOS = YES_AGGRESSIVE;
				GCC_WARN_UNUSED_FUNCTION = YES;
				GCC_WARN_UNUSED_VARIABLE = YES;
				IPHONEOS_DEPLOYMENT_TARGET = 17.5;
				LOCALIZATION_PREFERS_STRING_CATALOGS = YES;
				MTL_ENABLE_DEBUG_INFO = NO;
				MTL_FAST_MATH = YES;
				SDKROOT = iphoneos;
				SWIFT_COMPILATION_MODE = wholemodule;
				VALIDATE_PRODUCT = YES;
			};
			name = Release;
		};
		05660C6D2C62F01300A44355 /* Debug */ = {
			isa = XCBuildConfiguration;
			buildSettings = {
				ASSETCATALOG_COMPILER_APPICON_NAME = AppIcon;
				ASSETCATALOG_COMPILER_GLOBAL_ACCENT_COLOR_NAME = AccentColor;
				CODE_SIGN_STYLE = Automatic;
				CURRENT_PROJECT_VERSION = 1;
				DEVELOPMENT_ASSET_PATHS = "\"DoakAndClagger/Preview Content\"";
				ENABLE_PREVIEWS = YES;
				GENERATE_INFOPLIST_FILE = YES;
				INFOPLIST_KEY_UIApplicationSceneManifest_Generation = YES;
				INFOPLIST_KEY_UIApplicationSupportsIndirectInputEvents = YES;
				INFOPLIST_KEY_UILaunchScreen_Generation = YES;
				INFOPLIST_KEY_UISupportedInterfaceOrientations_iPad = "UIInterfaceOrientationPortrait UIInterfaceOrientationPortraitUpsideDown UIInterfaceOrientationLandscapeLeft UIInterfaceOrientationLandscapeRight";
				INFOPLIST_KEY_UISupportedInterfaceOrientations_iPhone = "UIInterfaceOrientationPortrait UIInterfaceOrientationLandscapeLeft UIInterfaceOrientationLandscapeRight";
				LD_RUNPATH_SEARCH_PATHS = (
					"$(inherited)",
					"@executable_path/Frameworks",
				);
				MARKETING_VERSION = 1.0;
				PRODUCT_BUNDLE_IDENTIFIER = org.cliffsmith.youfail.DoakAndClagger;
				PRODUCT_NAME = "$(TARGET_NAME)";
				SWIFT_EMIT_LOC_STRINGS = YES;
				SWIFT_VERSION = 5.0;
				TARGETED_DEVICE_FAMILY = "1,2";
			};
			name = Debug;
		};
		05660C6E2C62F01300A44355 /* Release */ = {
			isa = XCBuildConfiguration;
			buildSettings = {
				ASSETCATALOG_COMPILER_APPICON_NAME = AppIcon;
				ASSETCATALOG_COMPILER_GLOBAL_ACCENT_COLOR_NAME = AccentColor;
				CODE_SIGN_STYLE = Automatic;
				CURRENT_PROJECT_VERSION = 1;
				DEVELOPMENT_ASSET_PATHS = "\"DoakAndClagger/Preview Content\"";
				ENABLE_PREVIEWS = YES;
				GENERATE_INFOPLIST_FILE = YES;
				INFOPLIST_KEY_UIApplicationSceneManifest_Generation = YES;
				INFOPLIST_KEY_UIApplicationSupportsIndirectInputEvents = YES;
				INFOPLIST_KEY_UILaunchScreen_Generation = YES;
				INFOPLIST_KEY_UISupportedInterfaceOrientations_iPad = "UIInterfaceOrientationPortrait UIInterfaceOrientationPortraitUpsideDown UIInterfaceOrientationLandscapeLeft UIInterfaceOrientationLandscapeRight";
				INFOPLIST_KEY_UISupportedInterfaceOrientations_iPhone = "UIInterfaceOrientationPortrait UIInterfaceOrientationLandscapeLeft UIInterfaceOrientationLandscapeRight";
				LD_RUNPATH_SEARCH_PATHS = (
					"$(inherited)",
					"@executable_path/Frameworks",
				);
				MARKETING_VERSION = 1.0;
				PRODUCT_BUNDLE_IDENTIFIER = org.cliffsmith.youfail.DoakAndClagger;
				PRODUCT_NAME = "$(TARGET_NAME)";
				SWIFT_EMIT_LOC_STRINGS = YES;
				SWIFT_VERSION = 5.0;
				TARGETED_DEVICE_FAMILY = "1,2";
			};
			name = Release;
		};
		05660C702C62F01300A44355 /* Debug */ = {
			isa = XCBuildConfiguration;
			buildSettings = {
				ALWAYS_EMBED_SWIFT_STANDARD_LIBRARIES = YES;
				BUNDLE_LOADER = "$(TEST_HOST)";
				CODE_SIGN_STYLE = Automatic;
				CURRENT_PROJECT_VERSION = 1;
				GENERATE_INFOPLIST_FILE = YES;
				IPHONEOS_DEPLOYMENT_TARGET = 17.5;
				MARKETING_VERSION = 1.0;
				PRODUCT_BUNDLE_IDENTIFIER = org.cliffsmith.youfail.DoakAndClaggerTests;
				PRODUCT_NAME = "$(TARGET_NAME)";
				SWIFT_EMIT_LOC_STRINGS = NO;
				SWIFT_VERSION = 5.0;
				TARGETED_DEVICE_FAMILY = "1,2";
				TEST_HOST = "$(BUILT_PRODUCTS_DIR)/DoakAndClagger.app/$(BUNDLE_EXECUTABLE_FOLDER_PATH)/DoakAndClagger";
			};
			name = Debug;
		};
		05660C712C62F01300A44355 /* Release */ = {
			isa = XCBuildConfiguration;
			buildSettings = {
				ALWAYS_EMBED_SWIFT_STANDARD_LIBRARIES = YES;
				BUNDLE_LOADER = "$(TEST_HOST)";
				CODE_SIGN_STYLE = Automatic;
				CURRENT_PROJECT_VERSION = 1;
				GENERATE_INFOPLIST_FILE = YES;
				IPHONEOS_DEPLOYMENT_TARGET = 17.5;
				MARKETING_VERSION = 1.0;
				PRODUCT_BUNDLE_IDENTIFIER = org.cliffsmith.youfail.DoakAndClaggerTests;
				PRODUCT_NAME = "$(TARGET_NAME)";
				SWIFT_EMIT_LOC_STRINGS = NO;
				SWIFT_VERSION = 5.0;
				TARGETED_DEVICE_FAMILY = "1,2";
				TEST_HOST = "$(BUILT_PRODUCTS_DIR)/DoakAndClagger.app/$(BUNDLE_EXECUTABLE_FOLDER_PATH)/DoakAndClagger";
			};
			name = Release;
		};
		05660C732C62F01300A44355 /* Debug */ = {
			isa = XCBuildConfiguration;
			buildSettings = {
				ALWAYS_EMBED_SWIFT_STANDARD_LIBRARIES = YES;
				CODE_SIGN_STYLE = Automatic;
				CURRENT_PROJECT_VERSION = 1;
				GENERATE_INFOPLIST_FILE = YES;
				MARKETING_VERSION = 1.0;
				PRODUCT_BUNDLE_IDENTIFIER = org.cliffsmith.youfail.DoakAndClaggerUITests;
				PRODUCT_NAME = "$(TARGET_NAME)";
				SWIFT_EMIT_LOC_STRINGS = NO;
				SWIFT_VERSION = 5.0;
				TARGETED_DEVICE_FAMILY = "1,2";
				TEST_TARGET_NAME = DoakAndClagger;
			};
			name = Debug;
		};
		05660C742C62F01300A44355 /* Release */ = {
			isa = XCBuildConfiguration;
			buildSettings = {
				ALWAYS_EMBED_SWIFT_STANDARD_LIBRARIES = YES;
				CODE_SIGN_STYLE = Automatic;
				CURRENT_PROJECT_VERSION = 1;
				GENERATE_INFOPLIST_FILE = YES;
				MARKETING_VERSION = 1.0;
				PRODUCT_BUNDLE_IDENTIFIER = org.cliffsmith.youfail.DoakAndClaggerUITests;
				PRODUCT_NAME = "$(TARGET_NAME)";
				SWIFT_EMIT_LOC_STRINGS = NO;
				SWIFT_VERSION = 5.0;
				TARGETED_DEVICE_FAMILY = "1,2";
				TEST_TARGET_NAME = DoakAndClagger;
			};
			name = Release;
		};
/* End XCBuildConfiguration section */

/* Begin XCConfigurationList section */
		05660C432C62F01200A44355 /* Build configuration list for PBXProject "DoakAndClagger" */ = {
			isa = XCConfigurationList;
			buildConfigurations = (
				05660C6A2C62F01300A44355 /* Debug */,
				05660C6B2C62F01300A44355 /* Release */,
			);
			defaultConfigurationIsVisible = 0;
			defaultConfigurationName = Release;
		};
		05660C6C2C62F01300A44355 /* Build configuration list for PBXNativeTarget "DoakAndClagger" */ = {
			isa = XCConfigurationList;
			buildConfigurations = (
				05660C6D2C62F01300A44355 /* Debug */,
				05660C6E2C62F01300A44355 /* Release */,
			);
			defaultConfigurationIsVisible = 0;
			defaultConfigurationName = Release;
		};
		05660C6F2C62F01300A44355 /* Build configuration list for PBXNativeTarget "DoakAndClaggerTests" */ = {
			isa = XCConfigurationList;
			buildConfigurations = (
				05660C702C62F01300A44355 /* Debug */,
				05660C712C62F01300A44355 /* Release */,
			);
			defaultConfigurationIsVisible = 0;
			defaultConfigurationName = Release;
		};
		05660C722C62F01300A44355 /* Build configuration list for PBXNativeTarget "DoakAndClaggerUITests" */ = {
			isa = XCConfigurationList;
			buildConfigurations = (
				05660C732C62F01300A44355 /* Debug */,
				05660C742C62F01300A44355 /* Release */,
			);
			defaultConfigurationIsVisible = 0;
			defaultConfigurationName = Release;
		};
/* End XCConfigurationList section */
	};
	rootObject = 05660C402C62F01200A44355 /* Project object */;
}
